// !$*UTF8*$!
{
	archiveVersion = 1;
	classes = {
	};
	objectVersion = 56;
	objects = {

/* Begin PBXBuildFile section */
		710A447E29418D3C009E0035 /* RemindersViewController.swift in Sources */ = {isa = PBXBuildFile; fileRef = 710A447D29418D3C009E0035 /* RemindersViewController.swift */; };
		710A448029418D94009E0035 /* ReminderCell.swift in Sources */ = {isa = PBXBuildFile; fileRef = 710A447F29418D94009E0035 /* ReminderCell.swift */; };
		710A44822941AFEA009E0035 /* FavoriteReminderViewController.swift in Sources */ = {isa = PBXBuildFile; fileRef = 710A44812941AFEA009E0035 /* FavoriteReminderViewController.swift */; };
		710A44842941B35E009E0035 /* NewReminderViewController.swift in Sources */ = {isa = PBXBuildFile; fileRef = 710A44832941B35E009E0035 /* NewReminderViewController.swift */; };
		717B70762941780800E54075 /* AppDelegate.swift in Sources */ = {isa = PBXBuildFile; fileRef = 717B70752941780800E54075 /* AppDelegate.swift */; };
		717B70782941780800E54075 /* SceneDelegate.swift in Sources */ = {isa = PBXBuildFile; fileRef = 717B70772941780800E54075 /* SceneDelegate.swift */; };
		717B707D2941780800E54075 /* Main.storyboard in Resources */ = {isa = PBXBuildFile; fileRef = 717B707B2941780800E54075 /* Main.storyboard */; };
		717B707F2941780A00E54075 /* Assets.xcassets in Resources */ = {isa = PBXBuildFile; fileRef = 717B707E2941780A00E54075 /* Assets.xcassets */; };
		717B70822941780A00E54075 /* LaunchScreen.storyboard in Resources */ = {isa = PBXBuildFile; fileRef = 717B70802941780A00E54075 /* LaunchScreen.storyboard */; };
		717B70902941799900E54075 /* Reminder.swift in Sources */ = {isa = PBXBuildFile; fileRef = 717B708F2941799900E54075 /* Reminder.swift */; };
		717B709229417A8F00E54075 /* ReminderService.swift in Sources */ = {isa = PBXBuildFile; fileRef = 717B709129417A8F00E54075 /* ReminderService.swift */; };
/* End PBXBuildFile section */

/* Begin PBXFileReference section */
		710A447D29418D3C009E0035 /* RemindersViewController.swift */ = {isa = PBXFileReference; lastKnownFileType = sourcecode.swift; path = RemindersViewController.swift; sourceTree = "<group>"; };
		710A447F29418D94009E0035 /* ReminderCell.swift */ = {isa = PBXFileReference; lastKnownFileType = sourcecode.swift; path = ReminderCell.swift; sourceTree = "<group>"; };
		710A44812941AFEA009E0035 /* FavoriteReminderViewController.swift */ = {isa = PBXFileReference; lastKnownFileType = sourcecode.swift; path = FavoriteReminderViewController.swift; sourceTree = "<group>"; };
		710A44832941B35E009E0035 /* NewReminderViewController.swift */ = {isa = PBXFileReference; lastKnownFileType = sourcecode.swift; path = NewReminderViewController.swift; sourceTree = "<group>"; };
		717B70722941780800E54075 /* RemindersApp.app */ = {isa = PBXFileReference; explicitFileType = wrapper.application; includeInIndex = 0; path = RemindersApp.app; sourceTree = BUILT_PRODUCTS_DIR; };
		717B70752941780800E54075 /* AppDelegate.swift */ = {isa = PBXFileReference; lastKnownFileType = sourcecode.swift; path = AppDelegate.swift; sourceTree = "<group>"; };
		717B70772941780800E54075 /* SceneDelegate.swift */ = {isa = PBXFileReference; lastKnownFileType = sourcecode.swift; path = SceneDelegate.swift; sourceTree = "<group>"; };
		717B707C2941780800E54075 /* Base */ = {isa = PBXFileReference; lastKnownFileType = file.storyboard; name = Base; path = Base.lproj/Main.storyboard; sourceTree = "<group>"; };
		717B707E2941780A00E54075 /* Assets.xcassets */ = {isa = PBXFileReference; lastKnownFileType = folder.assetcatalog; path = Assets.xcassets; sourceTree = "<group>"; };
		717B70812941780A00E54075 /* Base */ = {isa = PBXFileReference; lastKnownFileType = file.storyboard; name = Base; path = Base.lproj/LaunchScreen.storyboard; sourceTree = "<group>"; };
		717B70832941780A00E54075 /* Info.plist */ = {isa = PBXFileReference; lastKnownFileType = text.plist.xml; path = Info.plist; sourceTree = "<group>"; };
		717B708F2941799900E54075 /* Reminder.swift */ = {isa = PBXFileReference; lastKnownFileType = sourcecode.swift; path = Reminder.swift; sourceTree = "<group>"; };
		717B709129417A8F00E54075 /* ReminderService.swift */ = {isa = PBXFileReference; lastKnownFileType = sourcecode.swift; path = ReminderService.swift; sourceTree = "<group>"; };
/* End PBXFileReference section */

/* Begin PBXFrameworksBuildPhase section */
		717B706F2941780800E54075 /* Frameworks */ = {
			isa = PBXFrameworksBuildPhase;
			buildActionMask = 2147483647;
			files = (
			);
			runOnlyForDeploymentPostprocessing = 0;
		};
/* End PBXFrameworksBuildPhase section */

/* Begin PBXGroup section */
		717B70692941780800E54075 = {
			isa = PBXGroup;
			children = (
				717B70742941780800E54075 /* RemindersApp */,
				717B70732941780800E54075 /* Products */,
			);
			sourceTree = "<group>";
		};
		717B70732941780800E54075 /* Products */ = {
			isa = PBXGroup;
			children = (
				717B70722941780800E54075 /* RemindersApp.app */,
			);
			name = Products;
			sourceTree = "<group>";
		};
		717B70742941780800E54075 /* RemindersApp */ = {
			isa = PBXGroup;
			children = (
				717B70892941786E00E54075 /* Model */,
				717B708A2941787900E54075 /* View */,
				717B708B2941787D00E54075 /* Controller */,
				717B708E294178E200E54075 /* Supporting Files */,
				717B707E2941780A00E54075 /* Assets.xcassets */,
				717B70832941780A00E54075 /* Info.plist */,
			);
			path = RemindersApp;
			sourceTree = "<group>";
		};
		717B70892941786E00E54075 /* Model */ = {
			isa = PBXGroup;
			children = (
				717B708F2941799900E54075 /* Reminder.swift */,
				717B709129417A8F00E54075 /* ReminderService.swift */,
			);
			path = Model;
			sourceTree = "<group>";
		};
		717B708A2941787900E54075 /* View */ = {
			isa = PBXGroup;
			children = (
				717B707B2941780800E54075 /* Main.storyboard */,
				717B70802941780A00E54075 /* LaunchScreen.storyboard */,
				710A447F29418D94009E0035 /* ReminderCell.swift */,
			);
			path = View;
			sourceTree = "<group>";
		};
		717B708B2941787D00E54075 /* Controller */ = {
			isa = PBXGroup;
			children = (
				710A447D29418D3C009E0035 /* RemindersViewController.swift */,
				710A44812941AFEA009E0035 /* FavoriteReminderViewController.swift */,
				710A44832941B35E009E0035 /* NewReminderViewController.swift */,
			);
			path = Controller;
			sourceTree = "<group>";
		};
		717B708E294178E200E54075 /* Supporting Files */ = {
			isa = PBXGroup;
			children = (
				717B70752941780800E54075 /* AppDelegate.swift */,
				717B70772941780800E54075 /* SceneDelegate.swift */,
			);
			path = "Supporting Files";
			sourceTree = "<group>";
		};
/* End PBXGroup section */

/* Begin PBXNativeTarget section */
		717B70712941780800E54075 /* RemindersApp */ = {
			isa = PBXNativeTarget;
			buildConfigurationList = 717B70862941780A00E54075 /* Build configuration list for PBXNativeTarget "RemindersApp" */;
			buildPhases = (
				717B706E2941780800E54075 /* Sources */,
				717B706F2941780800E54075 /* Frameworks */,
				717B70702941780800E54075 /* Resources */,
			);
			buildRules = (
			);
			dependencies = (
			);
			name = RemindersApp;
			productName = RemindersApp;
			productReference = 717B70722941780800E54075 /* RemindersApp.app */;
			productType = "com.apple.product-type.application";
		};
/* End PBXNativeTarget section */

/* Begin PBXProject section */
		717B706A2941780800E54075 /* Project object */ = {
			isa = PBXProject;
			attributes = {
				BuildIndependentTargetsInParallel = 1;
				LastSwiftUpdateCheck = 1410;
				LastUpgradeCheck = 1410;
				TargetAttributes = {
					717B70712941780800E54075 = {
						CreatedOnToolsVersion = 14.1;
					};
				};
			};
			buildConfigurationList = 717B706D2941780800E54075 /* Build configuration list for PBXProject "RemindersApp" */;
			compatibilityVersion = "Xcode 14.0";
			developmentRegion = en;
			hasScannedForEncodings = 0;
			knownRegions = (
				en,
				Base,
			);
			mainGroup = 717B70692941780800E54075;
			productRefGroup = 717B70732941780800E54075 /* Products */;
			projectDirPath = "";
			projectRoot = "";
			targets = (
				717B70712941780800E54075 /* RemindersApp */,
			);
		};
/* End PBXProject section */

/* Begin PBXResourcesBuildPhase section */
		717B70702941780800E54075 /* Resources */ = {
			isa = PBXResourcesBuildPhase;
			buildActionMask = 2147483647;
			files = (
				717B70822941780A00E54075 /* LaunchScreen.storyboard in Resources */,
				717B707F2941780A00E54075 /* Assets.xcassets in Resources */,
				717B707D2941780800E54075 /* Main.storyboard in Resources */,
			);
			runOnlyForDeploymentPostprocessing = 0;
		};
/* End PBXResourcesBuildPhase section */

/* Begin PBXSourcesBuildPhase section */
		717B706E2941780800E54075 /* Sources */ = {
			isa = PBXSourcesBuildPhase;
			buildActionMask = 2147483647;
			files = (
				717B70902941799900E54075 /* Reminder.swift in Sources */,
				710A44842941B35E009E0035 /* NewReminderViewController.swift in Sources */,
				710A448029418D94009E0035 /* ReminderCell.swift in Sources */,
				710A44822941AFEA009E0035 /* FavoriteReminderViewController.swift in Sources */,
				717B70762941780800E54075 /* AppDelegate.swift in Sources */,
				717B70782941780800E54075 /* SceneDelegate.swift in Sources */,
				717B709229417A8F00E54075 /* ReminderService.swift in Sources */,
				710A447E29418D3C009E0035 /* RemindersViewController.swift in Sources */,
			);
			runOnlyForDeploymentPostprocessing = 0;
		};
/* End PBXSourcesBuildPhase section */

/* Begin PBXVariantGroup section */
		717B707B2941780800E54075 /* Main.storyboard */ = {
			isa = PBXVariantGroup;
			children = (
				717B707C2941780800E54075 /* Base */,
			);
			name = Main.storyboard;
			sourceTree = "<group>";
		};
		717B70802941780A00E54075 /* LaunchScreen.storyboard */ = {
			isa = PBXVariantGroup;
			children = (
				717B70812941780A00E54075 /* Base */,
			);
			name = LaunchScreen.storyboard;
			sourceTree = "<group>";
		};
/* End PBXVariantGroup section */

/* Begin XCBuildConfiguration section */
		717B70842941780A00E54075 /* Debug */ = {
			isa = XCBuildConfiguration;
			buildSettings = {
				ALWAYS_SEARCH_USER_PATHS = NO;
				CLANG_ANALYZER_NONNULL = YES;
				CLANG_ANALYZER_NUMBER_OBJECT_CONVERSION = YES_AGGRESSIVE;
				CLANG_CXX_LANGUAGE_STANDARD = "gnu++20";
				CLANG_ENABLE_MODULES = YES;
				CLANG_ENABLE_OBJC_ARC = YES;
				CLANG_ENABLE_OBJC_WEAK = YES;
				CLANG_WARN_BLOCK_CAPTURE_AUTORELEASING = YES;
				CLANG_WARN_BOOL_CONVERSION = YES;
				CLANG_WARN_COMMA = YES;
				CLANG_WARN_CONSTANT_CONVERSION = YES;
				CLANG_WARN_DEPRECATED_OBJC_IMPLEMENTATIONS = YES;
				CLANG_WARN_DIRECT_OBJC_ISA_USAGE = YES_ERROR;
				CLANG_WARN_DOCUMENTATION_COMMENTS = YES;
				CLANG_WARN_EMPTY_BODY = YES;
				CLANG_WARN_ENUM_CONVERSION = YES;
				CLANG_WARN_INFINITE_RECURSION = YES;
				CLANG_WARN_INT_CONVERSION = YES;
				CLANG_WARN_NON_LITERAL_NULL_CONVERSION = YES;
				CLANG_WARN_OBJC_IMPLICIT_RETAIN_SELF = YES;
				CLANG_WARN_OBJC_LITERAL_CONVERSION = YES;
				CLANG_WARN_OBJC_ROOT_CLASS = YES_ERROR;
				CLANG_WARN_QUOTED_INCLUDE_IN_FRAMEWORK_HEADER = YES;
				CLANG_WARN_RANGE_LOOP_ANALYSIS = YES;
				CLANG_WARN_STRICT_PROTOTYPES = YES;
				CLANG_WARN_SUSPICIOUS_MOVE = YES;
				CLANG_WARN_UNGUARDED_AVAILABILITY = YES_AGGRESSIVE;
				CLANG_WARN_UNREACHABLE_CODE = YES;
				CLANG_WARN__DUPLICATE_METHOD_MATCH = YES;
				COPY_PHASE_STRIP = NO;
				DEBUG_INFORMATION_FORMAT = dwarf;
				ENABLE_STRICT_OBJC_MSGSEND = YES;
				ENABLE_TESTABILITY = YES;
				GCC_C_LANGUAGE_STANDARD = gnu11;
				GCC_DYNAMIC_NO_PIC = NO;
				GCC_NO_COMMON_BLOCKS = YES;
				GCC_OPTIMIZATION_LEVEL = 0;
				GCC_PREPROCESSOR_DEFINITIONS = (
					"DEBUG=1",
					"$(inherited)",
				);
				GCC_WARN_64_TO_32_BIT_CONVERSION = YES;
				GCC_WARN_ABOUT_RETURN_TYPE = YES_ERROR;
				GCC_WARN_UNDECLARED_SELECTOR = YES;
				GCC_WARN_UNINITIALIZED_AUTOS = YES_AGGRESSIVE;
				GCC_WARN_UNUSED_FUNCTION = YES;
				GCC_WARN_UNUSED_VARIABLE = YES;
				IPHONEOS_DEPLOYMENT_TARGET = 16.1;
				MTL_ENABLE_DEBUG_INFO = INCLUDE_SOURCE;
				MTL_FAST_MATH = YES;
				ONLY_ACTIVE_ARCH = YES;
				SDKROOT = iphoneos;
				SWIFT_ACTIVE_COMPILATION_CONDITIONS = DEBUG;
				SWIFT_OPTIMIZATION_LEVEL = "-Onone";
			};
			name = Debug;
		};
		717B70852941780A00E54075 /* Release */ = {
			isa = XCBuildConfiguration;
			buildSettings = {
				ALWAYS_SEARCH_USER_PATHS = NO;
				CLANG_ANALYZER_NONNULL = YES;
				CLANG_ANALYZER_NUMBER_OBJECT_CONVERSION = YES_AGGRESSIVE;
				CLANG_CXX_LANGUAGE_STANDARD = "gnu++20";
				CLANG_ENABLE_MODULES = YES;
				CLANG_ENABLE_OBJC_ARC = YES;
				CLANG_ENABLE_OBJC_WEAK = YES;
				CLANG_WARN_BLOCK_CAPTURE_AUTORELEASING = YES;
				CLANG_WARN_BOOL_CONVERSION = YES;
				CLANG_WARN_COMMA = YES;
				CLANG_WARN_CONSTANT_CONVERSION = YES;
				CLANG_WARN_DEPRECATED_OBJC_IMPLEMENTATIONS = YES;
				CLANG_WARN_DIRECT_OBJC_ISA_USAGE = YES_ERROR;
				CLANG_WARN_DOCUMENTATION_COMMENTS = YES;
				CLANG_WARN_EMPTY_BODY = YES;
				CLANG_WARN_ENUM_CONVERSION = YES;
				CLANG_WARN_INFINITE_RECURSION = YES;
				CLANG_WARN_INT_CONVERSION = YES;
				CLANG_WARN_NON_LITERAL_NULL_CONVERSION = YES;
				CLANG_WARN_OBJC_IMPLICIT_RETAIN_SELF = YES;
				CLANG_WARN_OBJC_LITERAL_CONVERSION = YES;
				CLANG_WARN_OBJC_ROOT_CLASS = YES_ERROR;
				CLANG_WARN_QUOTED_INCLUDE_IN_FRAMEWORK_HEADER = YES;
				CLANG_WARN_RANGE_LOOP_ANALYSIS = YES;
				CLANG_WARN_STRICT_PROTOTYPES = YES;
				CLANG_WARN_SUSPICIOUS_MOVE = YES;
				CLANG_WARN_UNGUARDED_AVAILABILITY = YES_AGGRESSIVE;
				CLANG_WARN_UNREACHABLE_CODE = YES;
				CLANG_WARN__DUPLICATE_METHOD_MATCH = YES;
				COPY_PHASE_STRIP = NO;
				DEBUG_INFORMATION_FORMAT = "dwarf-with-dsym";
				ENABLE_NS_ASSERTIONS = NO;
				ENABLE_STRICT_OBJC_MSGSEND = YES;
				GCC_C_LANGUAGE_STANDARD = gnu11;
				GCC_NO_COMMON_BLOCKS = YES;
				GCC_WARN_64_TO_32_BIT_CONVERSION = YES;
				GCC_WARN_ABOUT_RETURN_TYPE = YES_ERROR;
				GCC_WARN_UNDECLARED_SELECTOR = YES;
				GCC_WARN_UNINITIALIZED_AUTOS = YES_AGGRESSIVE;
				GCC_WARN_UNUSED_FUNCTION = YES;
				GCC_WARN_UNUSED_VARIABLE = YES;
				IPHONEOS_DEPLOYMENT_TARGET = 16.1;
				MTL_ENABLE_DEBUG_INFO = NO;
				MTL_FAST_MATH = YES;
				SDKROOT = iphoneos;
				SWIFT_COMPILATION_MODE = wholemodule;
				SWIFT_OPTIMIZATION_LEVEL = "-O";
				VALIDATE_PRODUCT = YES;
			};
			name = Release;
		};
		717B70872941780A00E54075 /* Debug */ = {
			isa = XCBuildConfiguration;
			buildSettings = {
				ASSETCATALOG_COMPILER_APPICON_NAME = AppIcon;
				ASSETCATALOG_COMPILER_GLOBAL_ACCENT_COLOR_NAME = AccentColor;
				CODE_SIGN_STYLE = Automatic;
				CURRENT_PROJECT_VERSION = 1;
				GENERATE_INFOPLIST_FILE = YES;
				INFOPLIST_FILE = RemindersApp/Info.plist;
				INFOPLIST_KEY_UIApplicationSupportsIndirectInputEvents = YES;
				INFOPLIST_KEY_UILaunchStoryboardName = LaunchScreen;
				INFOPLIST_KEY_UIMainStoryboardFile = Main;
				INFOPLIST_KEY_UISupportedInterfaceOrientations_iPad = "UIInterfaceOrientationPortrait UIInterfaceOrientationPortraitUpsideDown UIInterfaceOrientationLandscapeLeft UIInterfaceOrientationLandscapeRight";
				INFOPLIST_KEY_UISupportedInterfaceOrientations_iPhone = "UIInterfaceOrientationPortrait UIInterfaceOrientationLandscapeLeft UIInterfaceOrientationLandscapeRight";
				LD_RUNPATH_SEARCH_PATHS = (
					"$(inherited)",
					"@executable_path/Frameworks",
				);
				MARKETING_VERSION = 1.0;
				PRODUCT_BUNDLE_IDENTIFIER = com.example.RemindersApp;
				PRODUCT_NAME = "$(TARGET_NAME)";
				SWIFT_EMIT_LOC_STRINGS = YES;
				SWIFT_VERSION = 5.0;
				TARGETED_DEVICE_FAMILY = "1,2";
			};
			name = Debug;
		};
		717B70882941780A00E54075 /* Release */ = {
			isa = XCBuildConfiguration;
			buildSettings = {
				ASSETCATALOG_COMPILER_APPICON_NAME = AppIcon;
				ASSETCATALOG_COMPILER_GLOBAL_ACCENT_COLOR_NAME = AccentColor;
				CODE_SIGN_STYLE = Automatic;
				CURRENT_PROJECT_VERSION = 1;
				GENERATE_INFOPLIST_FILE = YES;
				INFOPLIST_FILE = RemindersApp/Info.plist;
				INFOPLIST_KEY_UIApplicationSupportsIndirectInputEvents = YES;
				INFOPLIST_KEY_UILaunchStoryboardName = LaunchScreen;
				INFOPLIST_KEY_UIMainStoryboardFile = Main;
				INFOPLIST_KEY_UISupportedInterfaceOrientations_iPad = "UIInterfaceOrientationPortrait UIInterfaceOrientationPortraitUpsideDown UIInterfaceOrientationLandscapeLeft UIInterfaceOrientationLandscapeRight";
				INFOPLIST_KEY_UISupportedInterfaceOrientations_iPhone = "UIInterfaceOrientationPortrait UIInterfaceOrientationLandscapeLeft UIInterfaceOrientationLandscapeRight";
				LD_RUNPATH_SEARCH_PATHS = (
					"$(inherited)",
					"@executable_path/Frameworks",
				);
				MARKETING_VERSION = 1.0;
				PRODUCT_BUNDLE_IDENTIFIER = com.example.RemindersApp;
				PRODUCT_NAME = "$(TARGET_NAME)";
				SWIFT_EMIT_LOC_STRINGS = YES;
				SWIFT_VERSION = 5.0;
				TARGETED_DEVICE_FAMILY = "1,2";
			};
			name = Release;
		};
/* End XCBuildConfiguration section */

/* Begin XCConfigurationList section */
		717B706D2941780800E54075 /* Build configuration list for PBXProject "RemindersApp" */ = {
			isa = XCConfigurationList;
			buildConfigurations = (
				717B70842941780A00E54075 /* Debug */,
				717B70852941780A00E54075 /* Release */,
			);
			defaultConfigurationIsVisible = 0;
			defaultConfigurationName = Release;
		};
		717B70862941780A00E54075 /* Build configuration list for PBXNativeTarget "RemindersApp" */ = {
			isa = XCConfigurationList;
			buildConfigurations = (
				717B70872941780A00E54075 /* Debug */,
				717B70882941780A00E54075 /* Release */,
			);
			defaultConfigurationIsVisible = 0;
			defaultConfigurationName = Release;
		};
/* End XCConfigurationList section */
	};
	rootObject = 717B706A2941780800E54075 /* Project object */;
}
